
Microsoft Visual Studio Solution File, Format Version 12.00
# Visual Studio 15
VisualStudioVersion = 15.0.28010.2050
MinimumVisualStudioVersion = 10.0.40219.1
Project("{FAE04EC0-301F-11D3-BF4B-00C04F79EFBC}") = "dotnetCoreJenkins", "dotnetCoreJenkins\dotnetCoreJenkins.csproj", "{6BCC93DE-E7D7-4150-A229-92C79845E864}"
EndProject
Global
	GlobalSection(SolutionConfigurationPlatforms) = preSolution
		Debug|Any CPU = Debug|Any CPU
		Release|Any CPU = Release|Any CPU
	EndGlobalSection
	GlobalSection(ProjectConfigurationPlatforms) = postSolution
		{6BCC93DE-E7D7-4150-A229-92C79845E864}.Debug|Any CPU.ActiveCfg = Debug|Any CPU
		{6BCC93DE-E7D7-4150-A229-92C79845E864}.Debug|Any CPU.Build.0 = Debug|Any CPU
		{6BCC93DE-E7D7-4150-A229-92C79845E864}.Release|Any CPU.ActiveCfg = Release|Any CPU
		{6BCC93DE-E7D7-4150-A229-92C79845E864}.Release|Any CPU.Build.0 = Release|Any CPU
	EndGlobalSection
	GlobalSection(SolutionProperties) = preSolution
		HideSolutionNode = FALSE
	EndGlobalSection
	GlobalSection(ExtensibilityGlobals) = postSolution
		SolutionGuid = {AF0C05C4-10D0-4084-A328-6169631693DC}
	EndGlobalSection
EndGlobal
